# THIS IS AN AUTOGENERATED FILE. DO NOT EDIT THIS FILE DIRECTLY.
# yarn lockfile v1


"impac-angular@git+https://git@github.com/maestrano/impac-angular.git#1.6":
  version "1.6.10"
  resolved "git+https://git@github.com/maestrano/impac-angular.git#79df9fca8bcf4b5b09ab2edb4b18c461c5700bd1"

"mno-enterprise-angular@https://github.com/maestrano/mno-enterprise-angular.git#2.0":
  version "2.0.0-dev"
  resolved "https://github.com/maestrano/mno-enterprise-angular.git#1e6f28a3c5e2ccaa2bfa96de00708748572c99e3"

"mnoe-admin-panel@https://github.com/adamaziz15/mnoe-admin-panel.git#bug/1112-subscription-state":
  version "2.0.0-dev"
  resolved "https://github.com/adamaziz15/mnoe-admin-panel.git#4059d000cc1e79c760be8e13596851e8b24357b0"
